
Microsoft Visual Studio Solution File, Format Version 12.00
# Visual Studio Version 16
VisualStudioVersion = 16.0.30330.147
MinimumVisualStudioVersion = 10.0.40219.1
Project("{FAE04EC0-301F-11D3-BF4B-00C04F79EFBC}") = "CZBookCrawler", "CZBookCrawler\CZBookCrawler.csproj", "{52395EFB-BD55-4DDA-AEDB-17E2594CEEDF}"
EndProject
Global
	GlobalSection(SolutionConfigurationPlatforms) = preSolution
		Debug|Any CPU = Debug|Any CPU
		Release|Any CPU = Release|Any CPU
	EndGlobalSection
	GlobalSection(ProjectConfigurationPlatforms) = postSolution
		{52395EFB-BD55-4DDA-AEDB-17E2594CEEDF}.Debug|Any CPU.ActiveCfg = Debug|Any CPU
		{52395EFB-BD55-4DDA-AEDB-17E2594CEEDF}.Debug|Any CPU.Build.0 = Debug|Any CPU
		{52395EFB-BD55-4DDA-AEDB-17E2594CEEDF}.Release|Any CPU.ActiveCfg = Release|Any CPU
		{52395EFB-BD55-4DDA-AEDB-17E2594CEEDF}.Release|Any CPU.Build.0 = Release|Any CPU
	EndGlobalSection
	GlobalSection(SolutionProperties) = preSolution
		HideSolutionNode = FALSE
	EndGlobalSection
	GlobalSection(ExtensibilityGlobals) = postSolution
		SolutionGuid = {2BE7FE32-7EAA-4401-9556-7C2C7A842B48}
	EndGlobalSection
EndGlobal
